
Microsoft Visual Studio Solution File, Format Version 12.00
# Visual Studio Version 16
VisualStudioVersion = 16.0.31515.178
MinimumVisualStudioVersion = 10.0.40219.1
Project("{FAE04EC0-301F-11D3-BF4B-00C04F79EFBC}") = "TestMongoDB", "TestMongoDB\TestMongoDB.csproj", "{3E557B27-7C1B-4E4D-992F-ECD201C0B072}"
EndProject
Global
	GlobalSection(SolutionConfigurationPlatforms) = preSolution
		Debug|Any CPU = Debug|Any CPU
		Release|Any CPU = Release|Any CPU
	EndGlobalSection
	GlobalSection(ProjectConfigurationPlatforms) = postSolution
		{3E557B27-7C1B-4E4D-992F-ECD201C0B072}.Debug|Any CPU.ActiveCfg = Debug|Any CPU
		{3E557B27-7C1B-4E4D-992F-ECD201C0B072}.Debug|Any CPU.Build.0 = Debug|Any CPU
		{3E557B27-7C1B-4E4D-992F-ECD201C0B072}.Release|Any CPU.ActiveCfg = Release|Any CPU
		{3E557B27-7C1B-4E4D-992F-ECD201C0B072}.Release|Any CPU.Build.0 = Release|Any CPU
	EndGlobalSection
	GlobalSection(SolutionProperties) = preSolution
		HideSolutionNode = FALSE
	EndGlobalSection
	GlobalSection(ExtensibilityGlobals) = postSolution
		SolutionGuid = {351F85CF-3105-492D-9E95-D5B93F1D4799}
	EndGlobalSection
EndGlobal
