
Microsoft Visual Studio Solution File, Format Version 12.00
# Visual Studio Version 16
VisualStudioVersion = 16.0.31515.178
MinimumVisualStudioVersion = 10.0.40219.1
Project("{FAE04EC0-301F-11D3-BF4B-00C04F79EFBC}") = "03-EFCore.WebAPI", "03-EFCore.WebAPI\03-EFCore.WebAPI.csproj", "{B7507408-CEAB-4388-A422-C282D3BC1E4A}"
EndProject
Global
	GlobalSection(SolutionConfigurationPlatforms) = preSolution
		Debug|Any CPU = Debug|Any CPU
		Release|Any CPU = Release|Any CPU
	EndGlobalSection
	GlobalSection(ProjectConfigurationPlatforms) = postSolution
		{B7507408-CEAB-4388-A422-C282D3BC1E4A}.Debug|Any CPU.ActiveCfg = Debug|Any CPU
		{B7507408-CEAB-4388-A422-C282D3BC1E4A}.Debug|Any CPU.Build.0 = Debug|Any CPU
		{B7507408-CEAB-4388-A422-C282D3BC1E4A}.Release|Any CPU.ActiveCfg = Release|Any CPU
		{B7507408-CEAB-4388-A422-C282D3BC1E4A}.Release|Any CPU.Build.0 = Release|Any CPU
	EndGlobalSection
	GlobalSection(SolutionProperties) = preSolution
		HideSolutionNode = FALSE
	EndGlobalSection
	GlobalSection(ExtensibilityGlobals) = postSolution
		SolutionGuid = {EFA95D13-D916-41F6-A114-284FFF7B6AFE}
	EndGlobalSection
EndGlobal
